
Microsoft Visual Studio Solution File, Format Version 12.00
# Visual Studio 2013
VisualStudioVersion = 12.0.21005.1
MinimumVisualStudioVersion = 10.0.40219.1
Project("{FAE04EC0-301F-11D3-BF4B-00C04F79EFBC}") = "1-DIZILER", "DIZILER\1-DIZILER.csproj", "{0209A5DD-A633-40D4-8097-972A5CED8E81}"
EndProject
Project("{FAE04EC0-301F-11D3-BF4B-00C04F79EFBC}") = "2-FOREACH DONGUSU", "FOREACH DONGUSU\2-FOREACH DONGUSU.csproj", "{3DCD6AD6-18BC-4070-8415-B42286EFFB33}"
EndProject
Project("{FAE04EC0-301F-11D3-BF4B-00C04F79EFBC}") = "3-DIZI ORNEKLERI", "FOREACH ORNEKLERI\3-DIZI ORNEKLERI.csproj", "{FAB3BD3A-BA8A-4625-894D-F9915382106B}"
EndProject
Global
	GlobalSection(SolutionConfigurationPlatforms) = preSolution
		Debug|Any CPU = Debug|Any CPU
		Release|Any CPU = Release|Any CPU
	EndGlobalSection
	GlobalSection(ProjectConfigurationPlatforms) = postSolution
		{0209A5DD-A633-40D4-8097-972A5CED8E81}.Debug|Any CPU.ActiveCfg = Debug|Any CPU
		{0209A5DD-A633-40D4-8097-972A5CED8E81}.Debug|Any CPU.Build.0 = Debug|Any CPU
		{0209A5DD-A633-40D4-8097-972A5CED8E81}.Release|Any CPU.ActiveCfg = Release|Any CPU
		{0209A5DD-A633-40D4-8097-972A5CED8E81}.Release|Any CPU.Build.0 = Release|Any CPU
		{3DCD6AD6-18BC-4070-8415-B42286EFFB33}.Debug|Any CPU.ActiveCfg = Debug|Any CPU
		{3DCD6AD6-18BC-4070-8415-B42286EFFB33}.Debug|Any CPU.Build.0 = Debug|Any CPU
		{3DCD6AD6-18BC-4070-8415-B42286EFFB33}.Release|Any CPU.ActiveCfg = Release|Any CPU
		{3DCD6AD6-18BC-4070-8415-B42286EFFB33}.Release|Any CPU.Build.0 = Release|Any CPU
		{FAB3BD3A-BA8A-4625-894D-F9915382106B}.Debug|Any CPU.ActiveCfg = Debug|Any CPU
		{FAB3BD3A-BA8A-4625-894D-F9915382106B}.Debug|Any CPU.Build.0 = Debug|Any CPU
		{FAB3BD3A-BA8A-4625-894D-F9915382106B}.Release|Any CPU.ActiveCfg = Release|Any CPU
		{FAB3BD3A-BA8A-4625-894D-F9915382106B}.Release|Any CPU.Build.0 = Release|Any CPU
	EndGlobalSection
	GlobalSection(SolutionProperties) = preSolution
		HideSolutionNode = FALSE
	EndGlobalSection
EndGlobal
